
Microsoft Visual Studio Solution File, Format Version 12.00
# Visual Studio 15
VisualStudioVersion = 15.0.27130.2010
MinimumVisualStudioVersion = 10.0.40219.1
Project("{2150E333-8FDC-42A3-9474-1A3956D46DE8}") = "Business", "Business", "{09FEEF5B-9AA9-4764-9B01-B6D7A6FA64B6}"
EndProject
Project("{2150E333-8FDC-42A3-9474-1A3956D46DE8}") = "Modules", "Modules", "{6E3DF3BD-13A2-4466-BF3D-D1B9BF002277}"
EndProject
Project("{FAE04EC0-301F-11D3-BF4B-00C04F79EFBC}") = "FMS.Infrastructure", "FMS.Infrastructure\FMS.Infrastructure.csproj", "{D5675C4F-2CB9-4FF9-9667-299683A932AF}"
EndProject
Project("{FAE04EC0-301F-11D3-BF4B-00C04F79EFBC}") = "FMS.Shell", "FMS.Shell\FMS.Shell.csproj", "{EC5C785B-6D39-469C-AA91-2C532BB6389B}"
EndProject
Project("{FAE04EC0-301F-11D3-BF4B-00C04F79EFBC}") = "FMS.Business", "Business\FMS.Business\FMS.Business.csproj", "{CFEA0FC9-5DFB-46F0-80B0-384D5516D16B}"
EndProject
Project("{2150E333-8FDC-42A3-9474-1A3956D46DE8}") = "Infrastructure", "Infrastructure", "{DE880E6A-EC96-46AA-A052-3E66C7C14DC7}"
EndProject
Project("{FAE04EC0-301F-11D3-BF4B-00C04F79EFBC}") = "FMS.Modules.Infrastructure.Statusbar", "Modules\Infrastruture\FMS.Modules.Infrastructure.Statusbar\FMS.Modules.Infrastructure.Statusbar.csproj", "{5259D727-476D-461D-AC3B-DE2C78CFC3E9}"
EndProject
Project("{FAE04EC0-301F-11D3-BF4B-00C04F79EFBC}") = "FMS.Modules.Infrastructure.Toolbar", "Modules\Infrastruture\FMS.Modules.Infrastructure.Toolbar\FMS.Modules.Infrastructure.Toolbar.csproj", "{C7DB9BCE-EE43-438A-880C-2CB7A3D9969A}"
EndProject
Project("{FAE04EC0-301F-11D3-BF4B-00C04F79EFBC}") = "FMS.Modules.BasicInformation", "Modules\FMS.Modules.BasicInformation\FMS.Modules.BasicInformation.csproj", "{571CA7A0-B166-453B-AF7E-DF754F3F9ABE}"
EndProject
Project("{FAE04EC0-301F-11D3-BF4B-00C04F79EFBC}") = "FMS.Modules.Utilities", "Modules\FMS.Modules.Utilities\FMS.Modules.Utilities.csproj", "{4125A708-0258-4077-893B-4AD28C24CD2A}"
EndProject
Project("{2150E333-8FDC-42A3-9474-1A3956D46DE8}") = "DataAccess", "DataAccess", "{06B37CB8-520D-44A1-8E2E-A509BF1357CB}"
EndProject
Project("{FAE04EC0-301F-11D3-BF4B-00C04F79EFBC}") = "FMS.DataAccess", "DataAccess\FMS.DataAccess\FMS.DataAccess.csproj", "{7434781B-EB1D-41E9-994A-539908070DBF}"
EndProject
Project("{FAE04EC0-301F-11D3-BF4B-00C04F79EFBC}") = "FMS.Services", "DataAccess\FMS.Services\FMS.Services.csproj", "{5D1FD730-7664-40B0-AE96-C4A7AC6D4C3B}"
EndProject
Project("{FAE04EC0-301F-11D3-BF4B-00C04F79EFBC}") = "FMS.DataAccess.Common", "DataAccess\FMS.DataAccess.Common\FMS.DataAccess.Common.csproj", "{CFABC787-0EE0-4D78-B257-D96923E4154C}"
EndProject
Project("{FAE04EC0-301F-11D3-BF4B-00C04F79EFBC}") = "FMS.Modules.ServiceConnectivity", "Modules\FMS.Modules.ServiceConnectivity\FMS.Modules.ServiceConnectivity.csproj", "{0EF7BB77-0E96-41F5-918B-86D1ED37C0AD}"
EndProject
Project("{2150E333-8FDC-42A3-9474-1A3956D46DE8}") = "Service Host", "Service Host", "{AD2FB361-6834-4624-8A5C-73A13C7DB560}"
EndProject
Project("{FAE04EC0-301F-11D3-BF4B-00C04F79EFBC}") = "FMS.ConsoleHost.ServiceHosting", "DataAccess\Service Host\FMS.Console.ServiceHost\FMS.ConsoleHost.ServiceHosting.csproj", "{2A6C0A27-C5B6-46E1-81D4-94C1E0CCC122}"
EndProject
Project("{FAE04EC0-301F-11D3-BF4B-00C04F79EFBC}") = "FMS.ServiceHosting.Unity", "DataAccess\Service Host\FMS.ServiceHosting.Unity\FMS.ServiceHosting.Unity.csproj", "{74FDFF17-07A1-4150-86DC-9C6F987D6A04}"
EndProject
Project("{FAE04EC0-301F-11D3-BF4B-00C04F79EFBC}") = "FMS.ServiceHosting.WCFSpecific", "DataAccess\Service Host\FMS.ServiceHosting.WCFSpecific\FMS.ServiceHosting.WCFSpecific.csproj", "{482FF7A1-3FE8-4B26-B1DA-49261D1EC62E}"
EndProject
Global
	GlobalSection(SolutionConfigurationPlatforms) = preSolution
		Debug|Any CPU = Debug|Any CPU
		Release|Any CPU = Release|Any CPU
	EndGlobalSection
	GlobalSection(ProjectConfigurationPlatforms) = postSolution
		{D5675C4F-2CB9-4FF9-9667-299683A932AF}.Debug|Any CPU.ActiveCfg = Debug|Any CPU
		{D5675C4F-2CB9-4FF9-9667-299683A932AF}.Debug|Any CPU.Build.0 = Debug|Any CPU
		{D5675C4F-2CB9-4FF9-9667-299683A932AF}.Release|Any CPU.ActiveCfg = Release|Any CPU
		{D5675C4F-2CB9-4FF9-9667-299683A932AF}.Release|Any CPU.Build.0 = Release|Any CPU
		{EC5C785B-6D39-469C-AA91-2C532BB6389B}.Debug|Any CPU.ActiveCfg = Debug|Any CPU
		{EC5C785B-6D39-469C-AA91-2C532BB6389B}.Debug|Any CPU.Build.0 = Debug|Any CPU
		{EC5C785B-6D39-469C-AA91-2C532BB6389B}.Release|Any CPU.ActiveCfg = Release|Any CPU
		{EC5C785B-6D39-469C-AA91-2C532BB6389B}.Release|Any CPU.Build.0 = Release|Any CPU
		{CFEA0FC9-5DFB-46F0-80B0-384D5516D16B}.Debug|Any CPU.ActiveCfg = Debug|Any CPU
		{CFEA0FC9-5DFB-46F0-80B0-384D5516D16B}.Debug|Any CPU.Build.0 = Debug|Any CPU
		{CFEA0FC9-5DFB-46F0-80B0-384D5516D16B}.Release|Any CPU.ActiveCfg = Release|Any CPU
		{CFEA0FC9-5DFB-46F0-80B0-384D5516D16B}.Release|Any CPU.Build.0 = Release|Any CPU
		{5259D727-476D-461D-AC3B-DE2C78CFC3E9}.Debug|Any CPU.ActiveCfg = Debug|Any CPU
		{5259D727-476D-461D-AC3B-DE2C78CFC3E9}.Debug|Any CPU.Build.0 = Debug|Any CPU
		{5259D727-476D-461D-AC3B-DE2C78CFC3E9}.Release|Any CPU.ActiveCfg = Release|Any CPU
		{5259D727-476D-461D-AC3B-DE2C78CFC3E9}.Release|Any CPU.Build.0 = Release|Any CPU
		{C7DB9BCE-EE43-438A-880C-2CB7A3D9969A}.Debug|Any CPU.ActiveCfg = Debug|Any CPU
		{C7DB9BCE-EE43-438A-880C-2CB7A3D9969A}.Debug|Any CPU.Build.0 = Debug|Any CPU
		{C7DB9BCE-EE43-438A-880C-2CB7A3D9969A}.Release|Any CPU.ActiveCfg = Release|Any CPU
		{C7DB9BCE-EE43-438A-880C-2CB7A3D9969A}.Release|Any CPU.Build.0 = Release|Any CPU
		{571CA7A0-B166-453B-AF7E-DF754F3F9ABE}.Debug|Any CPU.ActiveCfg = Debug|Any CPU
		{571CA7A0-B166-453B-AF7E-DF754F3F9ABE}.Debug|Any CPU.Build.0 = Debug|Any CPU
		{571CA7A0-B166-453B-AF7E-DF754F3F9ABE}.Release|Any CPU.ActiveCfg = Release|Any CPU
		{571CA7A0-B166-453B-AF7E-DF754F3F9ABE}.Release|Any CPU.Build.0 = Release|Any CPU
		{4125A708-0258-4077-893B-4AD28C24CD2A}.Debug|Any CPU.ActiveCfg = Debug|Any CPU
		{4125A708-0258-4077-893B-4AD28C24CD2A}.Debug|Any CPU.Build.0 = Debug|Any CPU
		{4125A708-0258-4077-893B-4AD28C24CD2A}.Release|Any CPU.ActiveCfg = Release|Any CPU
		{4125A708-0258-4077-893B-4AD28C24CD2A}.Release|Any CPU.Build.0 = Release|Any CPU
		{7434781B-EB1D-41E9-994A-539908070DBF}.Debug|Any CPU.ActiveCfg = Debug|Any CPU
		{7434781B-EB1D-41E9-994A-539908070DBF}.Debug|Any CPU.Build.0 = Debug|Any CPU
		{7434781B-EB1D-41E9-994A-539908070DBF}.Release|Any CPU.ActiveCfg = Release|Any CPU
		{7434781B-EB1D-41E9-994A-539908070DBF}.Release|Any CPU.Build.0 = Release|Any CPU
		{5D1FD730-7664-40B0-AE96-C4A7AC6D4C3B}.Debug|Any CPU.ActiveCfg = Debug|Any CPU
		{5D1FD730-7664-40B0-AE96-C4A7AC6D4C3B}.Debug|Any CPU.Build.0 = Debug|Any CPU
		{5D1FD730-7664-40B0-AE96-C4A7AC6D4C3B}.Release|Any CPU.ActiveCfg = Release|Any CPU
		{5D1FD730-7664-40B0-AE96-C4A7AC6D4C3B}.Release|Any CPU.Build.0 = Release|Any CPU
		{CFABC787-0EE0-4D78-B257-D96923E4154C}.Debug|Any CPU.ActiveCfg = Debug|Any CPU
		{CFABC787-0EE0-4D78-B257-D96923E4154C}.Debug|Any CPU.Build.0 = Debug|Any CPU
		{CFABC787-0EE0-4D78-B257-D96923E4154C}.Release|Any CPU.ActiveCfg = Release|Any CPU
		{CFABC787-0EE0-4D78-B257-D96923E4154C}.Release|Any CPU.Build.0 = Release|Any CPU
		{0EF7BB77-0E96-41F5-918B-86D1ED37C0AD}.Debug|Any CPU.ActiveCfg = Debug|Any CPU
		{0EF7BB77-0E96-41F5-918B-86D1ED37C0AD}.Debug|Any CPU.Build.0 = Debug|Any CPU
		{0EF7BB77-0E96-41F5-918B-86D1ED37C0AD}.Release|Any CPU.ActiveCfg = Release|Any CPU
		{0EF7BB77-0E96-41F5-918B-86D1ED37C0AD}.Release|Any CPU.Build.0 = Release|Any CPU
		{2A6C0A27-C5B6-46E1-81D4-94C1E0CCC122}.Debug|Any CPU.ActiveCfg = Debug|Any CPU
		{2A6C0A27-C5B6-46E1-81D4-94C1E0CCC122}.Debug|Any CPU.Build.0 = Debug|Any CPU
		{2A6C0A27-C5B6-46E1-81D4-94C1E0CCC122}.Release|Any CPU.ActiveCfg = Release|Any CPU
		{2A6C0A27-C5B6-46E1-81D4-94C1E0CCC122}.Release|Any CPU.Build.0 = Release|Any CPU
		{74FDFF17-07A1-4150-86DC-9C6F987D6A04}.Debug|Any CPU.ActiveCfg = Debug|Any CPU
		{74FDFF17-07A1-4150-86DC-9C6F987D6A04}.Debug|Any CPU.Build.0 = Debug|Any CPU
		{74FDFF17-07A1-4150-86DC-9C6F987D6A04}.Release|Any CPU.ActiveCfg = Release|Any CPU
		{74FDFF17-07A1-4150-86DC-9C6F987D6A04}.Release|Any CPU.Build.0 = Release|Any CPU
		{482FF7A1-3FE8-4B26-B1DA-49261D1EC62E}.Debug|Any CPU.ActiveCfg = Debug|Any CPU
		{482FF7A1-3FE8-4B26-B1DA-49261D1EC62E}.Debug|Any CPU.Build.0 = Debug|Any CPU
		{482FF7A1-3FE8-4B26-B1DA-49261D1EC62E}.Release|Any CPU.ActiveCfg = Release|Any CPU
		{482FF7A1-3FE8-4B26-B1DA-49261D1EC62E}.Release|Any CPU.Build.0 = Release|Any CPU
	EndGlobalSection
	GlobalSection(SolutionProperties) = preSolution
		HideSolutionNode = FALSE
	EndGlobalSection
	GlobalSection(NestedProjects) = preSolution
		{CFEA0FC9-5DFB-46F0-80B0-384D5516D16B} = {09FEEF5B-9AA9-4764-9B01-B6D7A6FA64B6}
		{DE880E6A-EC96-46AA-A052-3E66C7C14DC7} = {6E3DF3BD-13A2-4466-BF3D-D1B9BF002277}
		{5259D727-476D-461D-AC3B-DE2C78CFC3E9} = {DE880E6A-EC96-46AA-A052-3E66C7C14DC7}
		{C7DB9BCE-EE43-438A-880C-2CB7A3D9969A} = {DE880E6A-EC96-46AA-A052-3E66C7C14DC7}
		{571CA7A0-B166-453B-AF7E-DF754F3F9ABE} = {6E3DF3BD-13A2-4466-BF3D-D1B9BF002277}
		{4125A708-0258-4077-893B-4AD28C24CD2A} = {6E3DF3BD-13A2-4466-BF3D-D1B9BF002277}
		{7434781B-EB1D-41E9-994A-539908070DBF} = {06B37CB8-520D-44A1-8E2E-A509BF1357CB}
		{5D1FD730-7664-40B0-AE96-C4A7AC6D4C3B} = {06B37CB8-520D-44A1-8E2E-A509BF1357CB}
		{CFABC787-0EE0-4D78-B257-D96923E4154C} = {06B37CB8-520D-44A1-8E2E-A509BF1357CB}
		{0EF7BB77-0E96-41F5-918B-86D1ED37C0AD} = {6E3DF3BD-13A2-4466-BF3D-D1B9BF002277}
		{AD2FB361-6834-4624-8A5C-73A13C7DB560} = {06B37CB8-520D-44A1-8E2E-A509BF1357CB}
		{2A6C0A27-C5B6-46E1-81D4-94C1E0CCC122} = {AD2FB361-6834-4624-8A5C-73A13C7DB560}
		{74FDFF17-07A1-4150-86DC-9C6F987D6A04} = {AD2FB361-6834-4624-8A5C-73A13C7DB560}
		{482FF7A1-3FE8-4B26-B1DA-49261D1EC62E} = {AD2FB361-6834-4624-8A5C-73A13C7DB560}
	EndGlobalSection
	GlobalSection(ExtensibilityGlobals) = postSolution
		SolutionGuid = {3212B6DD-54F3-48A4-87A5-CA687186A330}
	EndGlobalSection
EndGlobal
